
Microsoft Visual Studio Solution File, Format Version 12.00
# Visual Studio Version 17
VisualStudioVersion = 17.5.33424.131
MinimumVisualStudioVersion = 10.0.40219.1
Project("{FAE04EC0-301F-11D3-BF4B-00C04F79EFBC}") = "system-resources-monitor", "system-resources-monitor.csproj", "{424E03C5-15D3-4F38-922F-14B962ABF30D}"
EndProject
Global
	GlobalSection(SolutionConfigurationPlatforms) = preSolution
		Debug|Any CPU = Debug|Any CPU
		Release|Any CPU = Release|Any CPU
	EndGlobalSection
	GlobalSection(ProjectConfigurationPlatforms) = postSolution
		{424E03C5-15D3-4F38-922F-14B962ABF30D}.Debug|Any CPU.ActiveCfg = Debug|Any CPU
		{424E03C5-15D3-4F38-922F-14B962ABF30D}.Debug|Any CPU.Build.0 = Debug|Any CPU
		{424E03C5-15D3-4F38-922F-14B962ABF30D}.Release|Any CPU.ActiveCfg = Release|Any CPU
		{424E03C5-15D3-4F38-922F-14B962ABF30D}.Release|Any CPU.Build.0 = Release|Any CPU
	EndGlobalSection
	GlobalSection(SolutionProperties) = preSolution
		HideSolutionNode = FALSE
	EndGlobalSection
	GlobalSection(ExtensibilityGlobals) = postSolution
		SolutionGuid = {865752DB-92D7-453D-9CA6-C57A5081B8AA}
	EndGlobalSection
EndGlobal
